
Microsoft Visual Studio Solution File, Format Version 12.00
# Visual Studio Version 17
VisualStudioVersion = 17.11.35312.102
MinimumVisualStudioVersion = 10.0.40219.1
Project("{8BC9CEB8-8B4A-11D0-8D11-00A0C91BC942}") = "3.33", "3.33\3.33.vcxproj", "{C85872EF-60D9-4398-8DB0-B9252B56E5AA}"
EndProject
Global
	GlobalSection(SolutionConfigurationPlatforms) = preSolution
		Debug|x64 = Debug|x64
		Debug|x86 = Debug|x86
		Release|x64 = Release|x64
		Release|x86 = Release|x86
	EndGlobalSection
	GlobalSection(ProjectConfigurationPlatforms) = postSolution
		{C85872EF-60D9-4398-8DB0-B9252B56E5AA}.Debug|x64.ActiveCfg = Debug|x64
		{C85872EF-60D9-4398-8DB0-B9252B56E5AA}.Debug|x64.Build.0 = Debug|x64
		{C85872EF-60D9-4398-8DB0-B9252B56E5AA}.Debug|x86.ActiveCfg = Debug|Win32
		{C85872EF-60D9-4398-8DB0-B9252B56E5AA}.Debug|x86.Build.0 = Debug|Win32
		{C85872EF-60D9-4398-8DB0-B9252B56E5AA}.Release|x64.ActiveCfg = Release|x64
		{C85872EF-60D9-4398-8DB0-B9252B56E5AA}.Release|x64.Build.0 = Release|x64
		{C85872EF-60D9-4398-8DB0-B9252B56E5AA}.Release|x86.ActiveCfg = Release|Win32
		{C85872EF-60D9-4398-8DB0-B9252B56E5AA}.Release|x86.Build.0 = Release|Win32
	EndGlobalSection
	GlobalSection(SolutionProperties) = preSolution
		HideSolutionNode = FALSE
	EndGlobalSection
	GlobalSection(ExtensibilityGlobals) = postSolution
		SolutionGuid = {ED6C210D-D5AB-4B51-83C7-466043630E5E}
	EndGlobalSection
EndGlobal
